
Microsoft Visual Studio Solution File, Format Version 12.00
# Visual Studio Version 17
VisualStudioVersion = 17.13.35828.75
MinimumVisualStudioVersion = 10.0.40219.1
Project("{FAE04EC0-301F-11D3-BF4B-00C04F79EFBC}") = "MediumClone", "MediumClone\MediumClone.csproj", "{DFC48130-A215-4964-9FB2-B88B59A3E048}"
EndProject
Global
	GlobalSection(SolutionConfigurationPlatforms) = preSolution
		Debug|Any CPU = Debug|Any CPU
		Release|Any CPU = Release|Any CPU
	EndGlobalSection
	GlobalSection(ProjectConfigurationPlatforms) = postSolution
		{DFC48130-A215-4964-9FB2-B88B59A3E048}.Debug|Any CPU.ActiveCfg = Debug|Any CPU
		{DFC48130-A215-4964-9FB2-B88B59A3E048}.Debug|Any CPU.Build.0 = Debug|Any CPU
		{DFC48130-A215-4964-9FB2-B88B59A3E048}.Release|Any CPU.ActiveCfg = Release|Any CPU
		{DFC48130-A215-4964-9FB2-B88B59A3E048}.Release|Any CPU.Build.0 = Release|Any CPU
	EndGlobalSection
	GlobalSection(SolutionProperties) = preSolution
		HideSolutionNode = FALSE
	EndGlobalSection
	GlobalSection(ExtensibilityGlobals) = postSolution
		SolutionGuid = {CC17E8CE-8536-4850-8353-A97832E9CECE}
	EndGlobalSection
EndGlobal
